
Microsoft Visual Studio Solution File, Format Version 12.00
# Visual Studio Version 17
VisualStudioVersion = 17.11.35312.102
MinimumVisualStudioVersion = 10.0.40219.1
Project("{FAE04EC0-301F-11D3-BF4B-00C04F79EFBC}") = "FabCommerce", "FabCommerce\FabCommerce.csproj", "{84A92570-BEEA-4F34-B315-F3A0F4824009}"
EndProject
Global
	GlobalSection(SolutionConfigurationPlatforms) = preSolution
		Debug|Any CPU = Debug|Any CPU
		Release|Any CPU = Release|Any CPU
	EndGlobalSection
	GlobalSection(ProjectConfigurationPlatforms) = postSolution
		{84A92570-BEEA-4F34-B315-F3A0F4824009}.Debug|Any CPU.ActiveCfg = Debug|Any CPU
		{84A92570-BEEA-4F34-B315-F3A0F4824009}.Debug|Any CPU.Build.0 = Debug|Any CPU
		{84A92570-BEEA-4F34-B315-F3A0F4824009}.Release|Any CPU.ActiveCfg = Release|Any CPU
		{84A92570-BEEA-4F34-B315-F3A0F4824009}.Release|Any CPU.Build.0 = Release|Any CPU
	EndGlobalSection
	GlobalSection(SolutionProperties) = preSolution
		HideSolutionNode = FALSE
	EndGlobalSection
	GlobalSection(ExtensibilityGlobals) = postSolution
		SolutionGuid = {7E555145-BF10-4E59-9271-C248775B75E6}
	EndGlobalSection
EndGlobal
